
Microsoft Visual Studio Solution File, Format Version 12.00
# Visual Studio Version 16
VisualStudioVersion = 16.0.28803.202
MinimumVisualStudioVersion = 10.0.40219.1
Project("{FAE04EC0-301F-11D3-BF4B-00C04F79EFBC}") = "MultiTouch.UWP", "MultiTouch\MultiTouch.UWP\MultiTouch.UWP.csproj", "{0158B220-5AA1-4BF1-B664-C3DC2581A1DE}"
EndProject
Project("{FAE04EC0-301F-11D3-BF4B-00C04F79EFBC}") = "MultiTouch.Android", "MultiTouch\MultiTouch.Android\MultiTouch.Android.csproj", "{040DAB3C-D86A-4349-B86B-8C8A13A06173}"
EndProject
Project("{FAE04EC0-301F-11D3-BF4B-00C04F79EFBC}") = "MultiTouch.iOS", "MultiTouch\MultiTouch.iOS\MultiTouch.iOS.csproj", "{F3FC44DF-7B1A-47B0-99D2-D82B8F238511}"
EndProject
Project("{FAE04EC0-301F-11D3-BF4B-00C04F79EFBC}") = "MultiTouch", "MultiTouch\MultiTouch\MultiTouch.csproj", "{8FF54325-FFCE-4220-87DD-7569201DF882}"
EndProject
Global
	GlobalSection(SolutionConfigurationPlatforms) = preSolution
		Debug|Any CPU = Debug|Any CPU
		Debug|ARM = Debug|ARM
		Debug|iPhone = Debug|iPhone
		Debug|iPhoneSimulator = Debug|iPhoneSimulator
		Debug|x64 = Debug|x64
		Debug|x86 = Debug|x86
		Release|Any CPU = Release|Any CPU
		Release|ARM = Release|ARM
		Release|iPhone = Release|iPhone
		Release|iPhoneSimulator = Release|iPhoneSimulator
		Release|x64 = Release|x64
		Release|x86 = Release|x86
	EndGlobalSection
	GlobalSection(ProjectConfigurationPlatforms) = postSolution
		{0158B220-5AA1-4BF1-B664-C3DC2581A1DE}.Debug|Any CPU.ActiveCfg = Debug|x86
		{0158B220-5AA1-4BF1-B664-C3DC2581A1DE}.Debug|Any CPU.Build.0 = Debug|x86
		{0158B220-5AA1-4BF1-B664-C3DC2581A1DE}.Debug|Any CPU.Deploy.0 = Debug|x86
		{0158B220-5AA1-4BF1-B664-C3DC2581A1DE}.Debug|ARM.ActiveCfg = Debug|ARM
		{0158B220-5AA1-4BF1-B664-C3DC2581A1DE}.Debug|ARM.Build.0 = Debug|ARM
		{0158B220-5AA1-4BF1-B664-C3DC2581A1DE}.Debug|ARM.Deploy.0 = Debug|ARM
		{0158B220-5AA1-4BF1-B664-C3DC2581A1DE}.Debug|iPhone.ActiveCfg = Debug|x86
		{0158B220-5AA1-4BF1-B664-C3DC2581A1DE}.Debug|iPhone.Build.0 = Debug|x86
		{0158B220-5AA1-4BF1-B664-C3DC2581A1DE}.Debug|iPhone.Deploy.0 = Debug|x86
		{0158B220-5AA1-4BF1-B664-C3DC2581A1DE}.Debug|iPhoneSimulator.ActiveCfg = Debug|x86
		{0158B220-5AA1-4BF1-B664-C3DC2581A1DE}.Debug|iPhoneSimulator.Build.0 = Debug|x86
		{0158B220-5AA1-4BF1-B664-C3DC2581A1DE}.Debug|iPhoneSimulator.Deploy.0 = Debug|x86
		{0158B220-5AA1-4BF1-B664-C3DC2581A1DE}.Debug|x64.ActiveCfg = Debug|x64
		{0158B220-5AA1-4BF1-B664-C3DC2581A1DE}.Debug|x64.Build.0 = Debug|x64
		{0158B220-5AA1-4BF1-B664-C3DC2581A1DE}.Debug|x64.Deploy.0 = Debug|x64
		{0158B220-5AA1-4BF1-B664-C3DC2581A1DE}.Debug|x86.ActiveCfg = Debug|x86
		{0158B220-5AA1-4BF1-B664-C3DC2581A1DE}.Debug|x86.Build.0 = Debug|x86
		{0158B220-5AA1-4BF1-B664-C3DC2581A1DE}.Debug|x86.Deploy.0 = Debug|x86
		{0158B220-5AA1-4BF1-B664-C3DC2581A1DE}.Release|Any CPU.ActiveCfg = Release|x86
		{0158B220-5AA1-4BF1-B664-C3DC2581A1DE}.Release|Any CPU.Build.0 = Release|x86
		{0158B220-5AA1-4BF1-B664-C3DC2581A1DE}.Release|Any CPU.Deploy.0 = Release|x86
		{0158B220-5AA1-4BF1-B664-C3DC2581A1DE}.Release|ARM.ActiveCfg = Release|ARM
		{0158B220-5AA1-4BF1-B664-C3DC2581A1DE}.Release|ARM.Build.0 = Release|ARM
		{0158B220-5AA1-4BF1-B664-C3DC2581A1DE}.Release|ARM.Deploy.0 = Release|ARM
		{0158B220-5AA1-4BF1-B664-C3DC2581A1DE}.Release|iPhone.ActiveCfg = Release|x86
		{0158B220-5AA1-4BF1-B664-C3DC2581A1DE}.Release|iPhone.Build.0 = Release|x86
		{0158B220-5AA1-4BF1-B664-C3DC2581A1DE}.Release|iPhone.Deploy.0 = Release|x86
		{0158B220-5AA1-4BF1-B664-C3DC2581A1DE}.Release|iPhoneSimulator.ActiveCfg = Release|x86
		{0158B220-5AA1-4BF1-B664-C3DC2581A1DE}.Release|iPhoneSimulator.Build.0 = Release|x86
		{0158B220-5AA1-4BF1-B664-C3DC2581A1DE}.Release|iPhoneSimulator.Deploy.0 = Release|x86
		{0158B220-5AA1-4BF1-B664-C3DC2581A1DE}.Release|x64.ActiveCfg = Release|x64
		{0158B220-5AA1-4BF1-B664-C3DC2581A1DE}.Release|x64.Build.0 = Release|x64
		{0158B220-5AA1-4BF1-B664-C3DC2581A1DE}.Release|x64.Deploy.0 = Release|x64
		{0158B220-5AA1-4BF1-B664-C3DC2581A1DE}.Release|x86.ActiveCfg = Release|x86
		{0158B220-5AA1-4BF1-B664-C3DC2581A1DE}.Release|x86.Build.0 = Release|x86
		{0158B220-5AA1-4BF1-B664-C3DC2581A1DE}.Release|x86.Deploy.0 = Release|x86
		{040DAB3C-D86A-4349-B86B-8C8A13A06173}.Debug|Any CPU.ActiveCfg = Debug|Any CPU
		{040DAB3C-D86A-4349-B86B-8C8A13A06173}.Debug|Any CPU.Build.0 = Debug|Any CPU
		{040DAB3C-D86A-4349-B86B-8C8A13A06173}.Debug|Any CPU.Deploy.0 = Debug|Any CPU
		{040DAB3C-D86A-4349-B86B-8C8A13A06173}.Debug|ARM.ActiveCfg = Debug|Any CPU
		{040DAB3C-D86A-4349-B86B-8C8A13A06173}.Debug|ARM.Build.0 = Debug|Any CPU
		{040DAB3C-D86A-4349-B86B-8C8A13A06173}.Debug|ARM.Deploy.0 = Debug|Any CPU
		{040DAB3C-D86A-4349-B86B-8C8A13A06173}.Debug|iPhone.ActiveCfg = Debug|Any CPU
		{040DAB3C-D86A-4349-B86B-8C8A13A06173}.Debug|iPhone.Build.0 = Debug|Any CPU
		{040DAB3C-D86A-4349-B86B-8C8A13A06173}.Debug|iPhone.Deploy.0 = Debug|Any CPU
		{040DAB3C-D86A-4349-B86B-8C8A13A06173}.Debug|iPhoneSimulator.ActiveCfg = Debug|Any CPU
		{040DAB3C-D86A-4349-B86B-8C8A13A06173}.Debug|iPhoneSimulator.Build.0 = Debug|Any CPU
		{040DAB3C-D86A-4349-B86B-8C8A13A06173}.Debug|iPhoneSimulator.Deploy.0 = Debug|Any CPU
		{040DAB3C-D86A-4349-B86B-8C8A13A06173}.Debug|x64.ActiveCfg = Debug|Any CPU
		{040DAB3C-D86A-4349-B86B-8C8A13A06173}.Debug|x64.Build.0 = Debug|Any CPU
		{040DAB3C-D86A-4349-B86B-8C8A13A06173}.Debug|x64.Deploy.0 = Debug|Any CPU
		{040DAB3C-D86A-4349-B86B-8C8A13A06173}.Debug|x86.ActiveCfg = Debug|Any CPU
		{040DAB3C-D86A-4349-B86B-8C8A13A06173}.Debug|x86.Build.0 = Debug|Any CPU
		{040DAB3C-D86A-4349-B86B-8C8A13A06173}.Debug|x86.Deploy.0 = Debug|Any CPU
		{040DAB3C-D86A-4349-B86B-8C8A13A06173}.Release|Any CPU.ActiveCfg = Release|Any CPU
		{040DAB3C-D86A-4349-B86B-8C8A13A06173}.Release|Any CPU.Build.0 = Release|Any CPU
		{040DAB3C-D86A-4349-B86B-8C8A13A06173}.Release|Any CPU.Deploy.0 = Release|Any CPU
		{040DAB3C-D86A-4349-B86B-8C8A13A06173}.Release|ARM.ActiveCfg = Release|Any CPU
		{040DAB3C-D86A-4349-B86B-8C8A13A06173}.Release|ARM.Build.0 = Release|Any CPU
		{040DAB3C-D86A-4349-B86B-8C8A13A06173}.Release|ARM.Deploy.0 = Release|Any CPU
		{040DAB3C-D86A-4349-B86B-8C8A13A06173}.Release|iPhone.ActiveCfg = Release|Any CPU
		{040DAB3C-D86A-4349-B86B-8C8A13A06173}.Release|iPhone.Build.0 = Release|Any CPU
		{040DAB3C-D86A-4349-B86B-8C8A13A06173}.Release|iPhone.Deploy.0 = Release|Any CPU
		{040DAB3C-D86A-4349-B86B-8C8A13A06173}.Release|iPhoneSimulator.ActiveCfg = Release|Any CPU
		{040DAB3C-D86A-4349-B86B-8C8A13A06173}.Release|iPhoneSimulator.Build.0 = Release|Any CPU
		{040DAB3C-D86A-4349-B86B-8C8A13A06173}.Release|iPhoneSimulator.Deploy.0 = Release|Any CPU
		{040DAB3C-D86A-4349-B86B-8C8A13A06173}.Release|x64.ActiveCfg = Release|Any CPU
		{040DAB3C-D86A-4349-B86B-8C8A13A06173}.Release|x64.Build.0 = Release|Any CPU
		{040DAB3C-D86A-4349-B86B-8C8A13A06173}.Release|x64.Deploy.0 = Release|Any CPU
		{040DAB3C-D86A-4349-B86B-8C8A13A06173}.Release|x86.ActiveCfg = Release|Any CPU
		{040DAB3C-D86A-4349-B86B-8C8A13A06173}.Release|x86.Build.0 = Release|Any CPU
		{040DAB3C-D86A-4349-B86B-8C8A13A06173}.Release|x86.Deploy.0 = Release|Any CPU
		{F3FC44DF-7B1A-47B0-99D2-D82B8F238511}.Debug|Any CPU.ActiveCfg = Debug|iPhone
		{F3FC44DF-7B1A-47B0-99D2-D82B8F238511}.Debug|Any CPU.Build.0 = Debug|iPhone
		{F3FC44DF-7B1A-47B0-99D2-D82B8F238511}.Debug|Any CPU.Deploy.0 = Debug|iPhone
		{F3FC44DF-7B1A-47B0-99D2-D82B8F238511}.Debug|ARM.ActiveCfg = Debug|iPhoneSimulator
		{F3FC44DF-7B1A-47B0-99D2-D82B8F238511}.Debug|ARM.Build.0 = Debug|iPhoneSimulator
		{F3FC44DF-7B1A-47B0-99D2-D82B8F238511}.Debug|ARM.Deploy.0 = Debug|iPhoneSimulator
		{F3FC44DF-7B1A-47B0-99D2-D82B8F238511}.Debug|iPhone.ActiveCfg = Debug|iPhone
		{F3FC44DF-7B1A-47B0-99D2-D82B8F238511}.Debug|iPhone.Build.0 = Debug|iPhone
		{F3FC44DF-7B1A-47B0-99D2-D82B8F238511}.Debug|iPhone.Deploy.0 = Debug|iPhone
		{F3FC44DF-7B1A-47B0-99D2-D82B8F238511}.Debug|iPhoneSimulator.ActiveCfg = Debug|iPhoneSimulator
		{F3FC44DF-7B1A-47B0-99D2-D82B8F238511}.Debug|iPhoneSimulator.Build.0 = Debug|iPhoneSimulator
		{F3FC44DF-7B1A-47B0-99D2-D82B8F238511}.Debug|iPhoneSimulator.Deploy.0 = Debug|iPhoneSimulator
		{F3FC44DF-7B1A-47B0-99D2-D82B8F238511}.Debug|x64.ActiveCfg = Debug|iPhone
		{F3FC44DF-7B1A-47B0-99D2-D82B8F238511}.Debug|x64.Build.0 = Debug|iPhone
		{F3FC44DF-7B1A-47B0-99D2-D82B8F238511}.Debug|x64.Deploy.0 = Debug|iPhone
		{F3FC44DF-7B1A-47B0-99D2-D82B8F238511}.Debug|x86.ActiveCfg = Debug|iPhone
		{F3FC44DF-7B1A-47B0-99D2-D82B8F238511}.Debug|x86.Build.0 = Debug|iPhone
		{F3FC44DF-7B1A-47B0-99D2-D82B8F238511}.Debug|x86.Deploy.0 = Debug|iPhone
		{F3FC44DF-7B1A-47B0-99D2-D82B8F238511}.Release|Any CPU.ActiveCfg = Release|iPhone
		{F3FC44DF-7B1A-47B0-99D2-D82B8F238511}.Release|Any CPU.Build.0 = Release|iPhone
		{F3FC44DF-7B1A-47B0-99D2-D82B8F238511}.Release|Any CPU.Deploy.0 = Release|iPhone
		{F3FC44DF-7B1A-47B0-99D2-D82B8F238511}.Release|ARM.ActiveCfg = Release|iPhone
		{F3FC44DF-7B1A-47B0-99D2-D82B8F238511}.Release|ARM.Build.0 = Release|iPhone
		{F3FC44DF-7B1A-47B0-99D2-D82B8F238511}.Release|ARM.Deploy.0 = Release|iPhone
		{F3FC44DF-7B1A-47B0-99D2-D82B8F238511}.Release|iPhone.ActiveCfg = Release|iPhone
		{F3FC44DF-7B1A-47B0-99D2-D82B8F238511}.Release|iPhone.Build.0 = Release|iPhone
		{F3FC44DF-7B1A-47B0-99D2-D82B8F238511}.Release|iPhone.Deploy.0 = Release|iPhone
		{F3FC44DF-7B1A-47B0-99D2-D82B8F238511}.Release|iPhoneSimulator.ActiveCfg = Release|iPhoneSimulator
		{F3FC44DF-7B1A-47B0-99D2-D82B8F238511}.Release|iPhoneSimulator.Build.0 = Release|iPhoneSimulator
		{F3FC44DF-7B1A-47B0-99D2-D82B8F238511}.Release|iPhoneSimulator.Deploy.0 = Release|iPhoneSimulator
		{F3FC44DF-7B1A-47B0-99D2-D82B8F238511}.Release|x64.ActiveCfg = Release|iPhone
		{F3FC44DF-7B1A-47B0-99D2-D82B8F238511}.Release|x64.Build.0 = Release|iPhone
		{F3FC44DF-7B1A-47B0-99D2-D82B8F238511}.Release|x64.Deploy.0 = Release|iPhone
		{F3FC44DF-7B1A-47B0-99D2-D82B8F238511}.Release|x86.ActiveCfg = Release|iPhone
		{F3FC44DF-7B1A-47B0-99D2-D82B8F238511}.Release|x86.Build.0 = Release|iPhone
		{F3FC44DF-7B1A-47B0-99D2-D82B8F238511}.Release|x86.Deploy.0 = Release|iPhone
		{8FF54325-FFCE-4220-87DD-7569201DF882}.Debug|Any CPU.ActiveCfg = Debug|Any CPU
		{8FF54325-FFCE-4220-87DD-7569201DF882}.Debug|Any CPU.Build.0 = Debug|Any CPU
		{8FF54325-FFCE-4220-87DD-7569201DF882}.Debug|Any CPU.Deploy.0 = Debug|Any CPU
		{8FF54325-FFCE-4220-87DD-7569201DF882}.Debug|ARM.ActiveCfg = Debug|Any CPU
		{8FF54325-FFCE-4220-87DD-7569201DF882}.Debug|ARM.Build.0 = Debug|Any CPU
		{8FF54325-FFCE-4220-87DD-7569201DF882}.Debug|ARM.Deploy.0 = Debug|Any CPU
		{8FF54325-FFCE-4220-87DD-7569201DF882}.Debug|iPhone.ActiveCfg = Debug|Any CPU
		{8FF54325-FFCE-4220-87DD-7569201DF882}.Debug|iPhone.Build.0 = Debug|Any CPU
		{8FF54325-FFCE-4220-87DD-7569201DF882}.Debug|iPhone.Deploy.0 = Debug|Any CPU
		{8FF54325-FFCE-4220-87DD-7569201DF882}.Debug|iPhoneSimulator.ActiveCfg = Debug|Any CPU
		{8FF54325-FFCE-4220-87DD-7569201DF882}.Debug|iPhoneSimulator.Build.0 = Debug|Any CPU
		{8FF54325-FFCE-4220-87DD-7569201DF882}.Debug|iPhoneSimulator.Deploy.0 = Debug|Any CPU
		{8FF54325-FFCE-4220-87DD-7569201DF882}.Debug|x64.ActiveCfg = Debug|Any CPU
		{8FF54325-FFCE-4220-87DD-7569201DF882}.Debug|x64.Build.0 = Debug|Any CPU
		{8FF54325-FFCE-4220-87DD-7569201DF882}.Debug|x64.Deploy.0 = Debug|Any CPU
		{8FF54325-FFCE-4220-87DD-7569201DF882}.Debug|x86.ActiveCfg = Debug|Any CPU
		{8FF54325-FFCE-4220-87DD-7569201DF882}.Debug|x86.Build.0 = Debug|Any CPU
		{8FF54325-FFCE-4220-87DD-7569201DF882}.Debug|x86.Deploy.0 = Debug|Any CPU
		{8FF54325-FFCE-4220-87DD-7569201DF882}.Release|Any CPU.ActiveCfg = Release|Any CPU
		{8FF54325-FFCE-4220-87DD-7569201DF882}.Release|Any CPU.Build.0 = Release|Any CPU
		{8FF54325-FFCE-4220-87DD-7569201DF882}.Release|Any CPU.Deploy.0 = Release|Any CPU
		{8FF54325-FFCE-4220-87DD-7569201DF882}.Release|ARM.ActiveCfg = Release|Any CPU
		{8FF54325-FFCE-4220-87DD-7569201DF882}.Release|ARM.Build.0 = Release|Any CPU
		{8FF54325-FFCE-4220-87DD-7569201DF882}.Release|ARM.Deploy.0 = Release|Any CPU
		{8FF54325-FFCE-4220-87DD-7569201DF882}.Release|iPhone.ActiveCfg = Release|Any CPU
		{8FF54325-FFCE-4220-87DD-7569201DF882}.Release|iPhone.Build.0 = Release|Any CPU
		{8FF54325-FFCE-4220-87DD-7569201DF882}.Release|iPhone.Deploy.0 = Release|Any CPU
		{8FF54325-FFCE-4220-87DD-7569201DF882}.Release|iPhoneSimulator.ActiveCfg = Release|Any CPU
		{8FF54325-FFCE-4220-87DD-7569201DF882}.Release|iPhoneSimulator.Build.0 = Release|Any CPU
		{8FF54325-FFCE-4220-87DD-7569201DF882}.Release|iPhoneSimulator.Deploy.0 = Release|Any CPU
		{8FF54325-FFCE-4220-87DD-7569201DF882}.Release|x64.ActiveCfg = Release|Any CPU
		{8FF54325-FFCE-4220-87DD-7569201DF882}.Release|x64.Build.0 = Release|Any CPU
		{8FF54325-FFCE-4220-87DD-7569201DF882}.Release|x64.Deploy.0 = Release|Any CPU
		{8FF54325-FFCE-4220-87DD-7569201DF882}.Release|x86.ActiveCfg = Release|Any CPU
		{8FF54325-FFCE-4220-87DD-7569201DF882}.Release|x86.Build.0 = Release|Any CPU
		{8FF54325-FFCE-4220-87DD-7569201DF882}.Release|x86.Deploy.0 = Release|Any CPU
	EndGlobalSection
	GlobalSection(SolutionProperties) = preSolution
		HideSolutionNode = FALSE
	EndGlobalSection
	GlobalSection(ExtensibilityGlobals) = postSolution
		SolutionGuid = {8D6BCA22-5E39-4582-AACC-58B4FD0ADF6F}
	EndGlobalSection
EndGlobal
